
Microsoft Visual Studio Solution File, Format Version 12.00
# Visual Studio 2013
VisualStudioVersion = 12.0.21005.1
MinimumVisualStudioVersion = 10.0.40219.1
Project("{FAE04EC0-301F-11D3-BF4B-00C04F79EFBC}") = "Portal.Web", "Portal.Web\Portal.Web.csproj", "{B35B37AF-D3B8-4F4B-8F6D-916588A6C689}"
EndProject
Project("{2150E333-8FDC-42A3-9474-1A3956D46DE8}") = ".nuget", ".nuget", "{01F43F6B-9066-41A6-A6F9-836D32E70973}"
	ProjectSection(SolutionItems) = preProject
		.nuget\NuGet.Config = .nuget\NuGet.Config
		.nuget\NuGet.exe = .nuget\NuGet.exe
		.nuget\NuGet.targets = .nuget\NuGet.targets
	EndProjectSection
EndProject
Project("{2150E333-8FDC-42A3-9474-1A3956D46DE8}") = "patches", "patches", "{1643F76E-24B8-40A6-A475-0395947A6538}"
	ProjectSection(SolutionItems) = preProject
		1_1.sql = 1_1.sql
	EndProjectSection
EndProject
Global
	GlobalSection(TeamFoundationVersionControl) = preSolution
		SccNumberOfProjects = 2
		SccEnterpriseProvider = {4CA58AB2-18FA-4F8D-95D4-32DDF27D184C}
		SccTeamFoundationServer = https://easylearnno.visualstudio.com/defaultcollection
		SccLocalPath0 = .
		SccProjectUniqueName1 = Portal.Web\\Portal.Web.csproj
		SccProjectName1 = Portal.Web
		SccLocalPath1 = Portal.Web
	EndGlobalSection
	GlobalSection(SolutionConfigurationPlatforms) = preSolution
		Debug|Any CPU = Debug|Any CPU
		Release|Any CPU = Release|Any CPU
	EndGlobalSection
	GlobalSection(ProjectConfigurationPlatforms) = postSolution
		{B35B37AF-D3B8-4F4B-8F6D-916588A6C689}.Debug|Any CPU.ActiveCfg = Debug|Any CPU
		{B35B37AF-D3B8-4F4B-8F6D-916588A6C689}.Debug|Any CPU.Build.0 = Debug|Any CPU
		{B35B37AF-D3B8-4F4B-8F6D-916588A6C689}.Release|Any CPU.ActiveCfg = Release|Any CPU
		{B35B37AF-D3B8-4F4B-8F6D-916588A6C689}.Release|Any CPU.Build.0 = Release|Any CPU
	EndGlobalSection
	GlobalSection(SolutionProperties) = preSolution
		HideSolutionNode = FALSE
	EndGlobalSection
EndGlobal
